# This file is automatically @generated by Cargo.
# It is not intended for manual editing.
version = 3

[[package]]
name = "json"
version = "0.12.4"
source = "registry+https://github.com/rust-lang/crates.io-index"
checksum = "078e285eafdfb6c4b434e0d31e8cfcb5115b651496faca5749b88fafd4f23bfd"

[[package]]
name = "nospm"
version = "0.1.0"
dependencies = [
 "json",
 "temp-file",
]

[[package]]
name = "temp-file"
version = "0.1.7"
source = "registry+https://github.com/rust-lang/crates.io-index"
checksum = "f4479870ee948e4c5c3fc4774b46aa73eedf97d84503a9b90922c1bb19a73a8d"
